// !$*UTF8*$!
{
	archiveVersion = 1;
	classes = {
	};
	objectVersion = 56;
	objects = {

/* Begin PBXBuildFile section */
		77149B5B2C490DD800B2DE6F /* Constants.swift in Sources */ = {isa = PBXBuildFile; fileRef = 77149B5A2C490DD800B2DE6F /* Constants.swift */; };
		77161CB02C5BDCA2000FE121 /* GeckoToken.swift in Sources */ = {isa = PBXBuildFile; fileRef = 77161CAF2C5BDCA2000FE121 /* GeckoToken.swift */; };
		77161CB22C5BDD15000FE121 /* GeckoViewModel.swift in Sources */ = {isa = PBXBuildFile; fileRef = 77161CB12C5BDD15000FE121 /* GeckoViewModel.swift */; };
		77161CB42C5BDD8A000FE121 /* Top100CryptocurrenciesView.swift in Sources */ = {isa = PBXBuildFile; fileRef = 77161CB32C5BDD8A000FE121 /* Top100CryptocurrenciesView.swift */; };
		7767FAEB2C5A091F002BFA0A /* TokenChartView.swift in Sources */ = {isa = PBXBuildFile; fileRef = 7767FAEA2C5A091F002BFA0A /* TokenChartView.swift */; };
		777508192C6287A40008D12E /* CustomStyles.swift in Sources */ = {isa = PBXBuildFile; fileRef = 777508182C6287A40008D12E /* CustomStyles.swift */; };
		779B6A972C63780600399F0F /* DGCharts in Frameworks */ = {isa = PBXBuildFile; productRef = 779B6A962C63780600399F0F /* DGCharts */; };
		779B6A992C63780600399F0F /* DGChartsDynamic in Frameworks */ = {isa = PBXBuildFile; productRef = 779B6A982C63780600399F0F /* DGChartsDynamic */; };
		779B6A9B2C637B9B00399F0F /* OHLCChartRepresentable.swift in Sources */ = {isa = PBXBuildFile; fileRef = 779B6A9A2C637B9B00399F0F /* OHLCChartRepresentable.swift */; };
		779C61EE2C5CBDA800A7FCAD /* FormatMarketCap.swift in Sources */ = {isa = PBXBuildFile; fileRef = 779C61ED2C5CBDA800A7FCAD /* FormatMarketCap.swift */; };
		779C61F02C5CD71900A7FCAD /* OHLCChartView.swift in Sources */ = {isa = PBXBuildFile; fileRef = 779C61EF2C5CD71900A7FCAD /* OHLCChartView.swift */; };
		779C61F22C5D1C0B00A7FCAD /* OHLCData.swift in Sources */ = {isa = PBXBuildFile; fileRef = 779C61F12C5D1C0B00A7FCAD /* OHLCData.swift */; };
		77A5C8322C43BE65008B3350 /* Token.swift in Sources */ = {isa = PBXBuildFile; fileRef = 77A5C8312C43BE65008B3350 /* Token.swift */; };
		77A5C8362C43BEF4008B3350 /* TokensViewModel.swift in Sources */ = {isa = PBXBuildFile; fileRef = 77A5C8352C43BEF4008B3350 /* TokensViewModel.swift */; };
		77A5C8382C43BF30008B3350 /* TokensView.swift in Sources */ = {isa = PBXBuildFile; fileRef = 77A5C8372C43BF30008B3350 /* TokensView.swift */; };
		77B6E5E02C58F81100D3040D /* FilterView.swift in Sources */ = {isa = PBXBuildFile; fileRef = 77B6E5DF2C58F81100D3040D /* FilterView.swift */; };
		77D58A212C5A2A5600B6A0DD /* HomeView.swift in Sources */ = {isa = PBXBuildFile; fileRef = 77D58A202C5A2A5600B6A0DD /* HomeView.swift */; };
		77E279BA2C61E79F00C0393D /* LoginView.swift in Sources */ = {isa = PBXBuildFile; fileRef = 77E279B92C61E79F00C0393D /* LoginView.swift */; };
		77FBAB842C4392C000707C3D /* DexScreenerApp.swift in Sources */ = {isa = PBXBuildFile; fileRef = 77FBAB832C4392C000707C3D /* DexScreenerApp.swift */; };
		77FBAB862C4392C000707C3D /* ContentView.swift in Sources */ = {isa = PBXBuildFile; fileRef = 77FBAB852C4392C000707C3D /* ContentView.swift */; };
		77FBAB882C4392C100707C3D /* Assets.xcassets in Resources */ = {isa = PBXBuildFile; fileRef = 77FBAB872C4392C100707C3D /* Assets.xcassets */; };
		77FBAB8B2C4392C100707C3D /* Preview Assets.xcassets in Resources */ = {isa = PBXBuildFile; fileRef = 77FBAB8A2C4392C100707C3D /* Preview Assets.xcassets */; };
		77FBAB922C43975E00707C3D /* SignupView.swift in Sources */ = {isa = PBXBuildFile; fileRef = 77FBAB912C43975E00707C3D /* SignupView.swift */; };
/* End PBXBuildFile section */

/* Begin PBXFileReference section */
		77149B5A2C490DD800B2DE6F /* Constants.swift */ = {isa = PBXFileReference; lastKnownFileType = sourcecode.swift; path = Constants.swift; sourceTree = "<group>"; };
		77161CAF2C5BDCA2000FE121 /* GeckoToken.swift */ = {isa = PBXFileReference; lastKnownFileType = sourcecode.swift; path = GeckoToken.swift; sourceTree = "<group>"; };
		77161CB12C5BDD15000FE121 /* GeckoViewModel.swift */ = {isa = PBXFileReference; lastKnownFileType = sourcecode.swift; path = GeckoViewModel.swift; sourceTree = "<group>"; };
		77161CB32C5BDD8A000FE121 /* Top100CryptocurrenciesView.swift */ = {isa = PBXFileReference; lastKnownFileType = sourcecode.swift; path = Top100CryptocurrenciesView.swift; sourceTree = "<group>"; };
		7767FAEA2C5A091F002BFA0A /* TokenChartView.swift */ = {isa = PBXFileReference; lastKnownFileType = sourcecode.swift; path = TokenChartView.swift; sourceTree = "<group>"; };
		777508182C6287A40008D12E /* CustomStyles.swift */ = {isa = PBXFileReference; lastKnownFileType = sourcecode.swift; path = CustomStyles.swift; sourceTree = "<group>"; };
		779B6A9A2C637B9B00399F0F /* OHLCChartRepresentable.swift */ = {isa = PBXFileReference; lastKnownFileType = sourcecode.swift; path = OHLCChartRepresentable.swift; sourceTree = "<group>"; };
		779C61ED2C5CBDA800A7FCAD /* FormatMarketCap.swift */ = {isa = PBXFileReference; lastKnownFileType = sourcecode.swift; path = FormatMarketCap.swift; sourceTree = "<group>"; };
		779C61EF2C5CD71900A7FCAD /* OHLCChartView.swift */ = {isa = PBXFileReference; lastKnownFileType = sourcecode.swift; path = OHLCChartView.swift; sourceTree = "<group>"; };
		779C61F12C5D1C0B00A7FCAD /* OHLCData.swift */ = {isa = PBXFileReference; lastKnownFileType = sourcecode.swift; path = OHLCData.swift; sourceTree = "<group>"; };
		77A5C8312C43BE65008B3350 /* Token.swift */ = {isa = PBXFileReference; lastKnownFileType = sourcecode.swift; path = Token.swift; sourceTree = "<group>"; };
		77A5C8352C43BEF4008B3350 /* TokensViewModel.swift */ = {isa = PBXFileReference; lastKnownFileType = sourcecode.swift; path = TokensViewModel.swift; sourceTree = "<group>"; };
		77A5C8372C43BF30008B3350 /* TokensView.swift */ = {isa = PBXFileReference; lastKnownFileType = sourcecode.swift; path = TokensView.swift; sourceTree = "<group>"; };
		77B6E5DF2C58F81100D3040D /* FilterView.swift */ = {isa = PBXFileReference; lastKnownFileType = sourcecode.swift; path = FilterView.swift; sourceTree = "<group>"; };
		77D58A202C5A2A5600B6A0DD /* HomeView.swift */ = {isa = PBXFileReference; lastKnownFileType = sourcecode.swift; path = HomeView.swift; sourceTree = "<group>"; };
		77E279B92C61E79F00C0393D /* LoginView.swift */ = {isa = PBXFileReference; lastKnownFileType = sourcecode.swift; path = LoginView.swift; sourceTree = "<group>"; };
		77FBAB802C4392C000707C3D /* DexScreener.app */ = {isa = PBXFileReference; explicitFileType = wrapper.application; includeInIndex = 0; path = DexScreener.app; sourceTree = BUILT_PRODUCTS_DIR; };
		77FBAB832C4392C000707C3D /* DexScreenerApp.swift */ = {isa = PBXFileReference; lastKnownFileType = sourcecode.swift; path = DexScreenerApp.swift; sourceTree = "<group>"; };
		77FBAB852C4392C000707C3D /* ContentView.swift */ = {isa = PBXFileReference; lastKnownFileType = sourcecode.swift; path = ContentView.swift; sourceTree = "<group>"; };
		77FBAB872C4392C100707C3D /* Assets.xcassets */ = {isa = PBXFileReference; lastKnownFileType = folder.assetcatalog; path = Assets.xcassets; sourceTree = "<group>"; };
		77FBAB8A2C4392C100707C3D /* Preview Assets.xcassets */ = {isa = PBXFileReference; lastKnownFileType = folder.assetcatalog; path = "Preview Assets.xcassets"; sourceTree = "<group>"; };
		77FBAB912C43975E00707C3D /* SignupView.swift */ = {isa = PBXFileReference; lastKnownFileType = sourcecode.swift; path = SignupView.swift; sourceTree = "<group>"; };
/* End PBXFileReference section */

/* Begin PBXFrameworksBuildPhase section */
		77FBAB7D2C4392C000707C3D /* Frameworks */ = {
			isa = PBXFrameworksBuildPhase;
			buildActionMask = 2147483647;
			files = (
				779B6A992C63780600399F0F /* DGChartsDynamic in Frameworks */,
				779B6A972C63780600399F0F /* DGCharts in Frameworks */,
			);
			runOnlyForDeploymentPostprocessing = 0;
		};
/* End PBXFrameworksBuildPhase section */

/* Begin PBXGroup section */
		779C61EC2C5CBD7400A7FCAD /* Helpers */ = {
			isa = PBXGroup;
			children = (
				77149B5A2C490DD800B2DE6F /* Constants.swift */,
				779C61ED2C5CBDA800A7FCAD /* FormatMarketCap.swift */,
				777508182C6287A40008D12E /* CustomStyles.swift */,
			);
			path = Helpers;
			sourceTree = "<group>";
		};
		77A5C8302C43BE3E008B3350 /* Models */ = {
			isa = PBXGroup;
			children = (
				77A5C8312C43BE65008B3350 /* Token.swift */,
				77161CAF2C5BDCA2000FE121 /* GeckoToken.swift */,
				779C61F12C5D1C0B00A7FCAD /* OHLCData.swift */,
			);
			path = Models;
			sourceTree = "<group>";
		};
		77A5C8332C43BEDD008B3350 /* ViewModels */ = {
			isa = PBXGroup;
			children = (
				77A5C8352C43BEF4008B3350 /* TokensViewModel.swift */,
				77161CB12C5BDD15000FE121 /* GeckoViewModel.swift */,
			);
			path = ViewModels;
			sourceTree = "<group>";
		};
		77A5C8342C43BEE2008B3350 /* Views */ = {
			isa = PBXGroup;
			children = (
				77FBAB852C4392C000707C3D /* ContentView.swift */,
				77FBAB912C43975E00707C3D /* SignupView.swift */,
				77A5C8372C43BF30008B3350 /* TokensView.swift */,
				77B6E5DF2C58F81100D3040D /* FilterView.swift */,
				7767FAEA2C5A091F002BFA0A /* TokenChartView.swift */,
				77D58A202C5A2A5600B6A0DD /* HomeView.swift */,
				77161CB32C5BDD8A000FE121 /* Top100CryptocurrenciesView.swift */,
				779C61EF2C5CD71900A7FCAD /* OHLCChartView.swift */,
				77E279B92C61E79F00C0393D /* LoginView.swift */,
				779B6A9A2C637B9B00399F0F /* OHLCChartRepresentable.swift */,
			);
			path = Views;
			sourceTree = "<group>";
		};
		77FBAB772C4392C000707C3D = {
			isa = PBXGroup;
			children = (
				77FBAB822C4392C000707C3D /* DexScreener */,
				77FBAB812C4392C000707C3D /* Products */,
			);
			sourceTree = "<group>";
		};
		77FBAB812C4392C000707C3D /* Products */ = {
			isa = PBXGroup;
			children = (
				77FBAB802C4392C000707C3D /* DexScreener.app */,
			);
			name = Products;
			sourceTree = "<group>";
		};
		77FBAB822C4392C000707C3D /* DexScreener */ = {
			isa = PBXGroup;
			children = (
				779C61EC2C5CBD7400A7FCAD /* Helpers */,
				77A5C8342C43BEE2008B3350 /* Views */,
				77A5C8332C43BEDD008B3350 /* ViewModels */,
				77A5C8302C43BE3E008B3350 /* Models */,
				77FBAB832C4392C000707C3D /* DexScreenerApp.swift */,
				77FBAB872C4392C100707C3D /* Assets.xcassets */,
				77FBAB892C4392C100707C3D /* Preview Content */,
			);
			path = DexScreener;
			sourceTree = "<group>";
		};
		77FBAB892C4392C100707C3D /* Preview Content */ = {
			isa = PBXGroup;
			children = (
				77FBAB8A2C4392C100707C3D /* Preview Assets.xcassets */,
			);
			path = "Preview Content";
			sourceTree = "<group>";
		};
/* End PBXGroup section */

/* Begin PBXNativeTarget section */
		77FBAB7F2C4392C000707C3D /* DexScreener */ = {
			isa = PBXNativeTarget;
			buildConfigurationList = 77FBAB8E2C4392C100707C3D /* Build configuration list for PBXNativeTarget "DexScreener" */;
			buildPhases = (
				77FBAB7C2C4392C000707C3D /* Sources */,
				77FBAB7D2C4392C000707C3D /* Frameworks */,
				77FBAB7E2C4392C000707C3D /* Resources */,
			);
			buildRules = (
			);
			dependencies = (
			);
			name = DexScreener;
			packageProductDependencies = (
				779B6A962C63780600399F0F /* DGCharts */,
				779B6A982C63780600399F0F /* DGChartsDynamic */,
			);
			productName = DexScreener;
			productReference = 77FBAB802C4392C000707C3D /* DexScreener.app */;
			productType = "com.apple.product-type.application";
		};
/* End PBXNativeTarget section */

/* Begin PBXProject section */
		77FBAB782C4392C000707C3D /* Project object */ = {
			isa = PBXProject;
			attributes = {
				BuildIndependentTargetsInParallel = 1;
				LastSwiftUpdateCheck = 1420;
				LastUpgradeCheck = 1420;
				TargetAttributes = {
					77FBAB7F2C4392C000707C3D = {
						CreatedOnToolsVersion = 14.2;
					};
				};
			};
			buildConfigurationList = 77FBAB7B2C4392C000707C3D /* Build configuration list for PBXProject "DexScreener" */;
			compatibilityVersion = "Xcode 14.0";
			developmentRegion = en;
			hasScannedForEncodings = 0;
			knownRegions = (
				en,
				Base,
			);
			mainGroup = 77FBAB772C4392C000707C3D;
			packageReferences = (
				779B6A952C63780600399F0F /* XCRemoteSwiftPackageReference "Charts" */,
			);
			productRefGroup = 77FBAB812C4392C000707C3D /* Products */;
			projectDirPath = "";
			projectRoot = "";
			targets = (
				77FBAB7F2C4392C000707C3D /* DexScreener */,
			);
		};
/* End PBXProject section */

/* Begin PBXResourcesBuildPhase section */
		77FBAB7E2C4392C000707C3D /* Resources */ = {
			isa = PBXResourcesBuildPhase;
			buildActionMask = 2147483647;
			files = (
				77FBAB8B2C4392C100707C3D /* Preview Assets.xcassets in Resources */,
				77FBAB882C4392C100707C3D /* Assets.xcassets in Resources */,
			);
			runOnlyForDeploymentPostprocessing = 0;
		};
/* End PBXResourcesBuildPhase section */

/* Begin PBXSourcesBuildPhase section */
		77FBAB7C2C4392C000707C3D /* Sources */ = {
			isa = PBXSourcesBuildPhase;
			buildActionMask = 2147483647;
			files = (
				77A5C8362C43BEF4008B3350 /* TokensViewModel.swift in Sources */,
				7767FAEB2C5A091F002BFA0A /* TokenChartView.swift in Sources */,
				77FBAB862C4392C000707C3D /* ContentView.swift in Sources */,
				77D58A212C5A2A5600B6A0DD /* HomeView.swift in Sources */,
				77A5C8382C43BF30008B3350 /* TokensView.swift in Sources */,
				77B6E5E02C58F81100D3040D /* FilterView.swift in Sources */,
				77FBAB842C4392C000707C3D /* DexScreenerApp.swift in Sources */,
				77149B5B2C490DD800B2DE6F /* Constants.swift in Sources */,
				77161CB22C5BDD15000FE121 /* GeckoViewModel.swift in Sources */,
				779C61F22C5D1C0B00A7FCAD /* OHLCData.swift in Sources */,
				77E279BA2C61E79F00C0393D /* LoginView.swift in Sources */,
				779B6A9B2C637B9B00399F0F /* OHLCChartRepresentable.swift in Sources */,
				779C61EE2C5CBDA800A7FCAD /* FormatMarketCap.swift in Sources */,
				77161CB02C5BDCA2000FE121 /* GeckoToken.swift in Sources */,
				77FBAB922C43975E00707C3D /* SignupView.swift in Sources */,
				779C61F02C5CD71900A7FCAD /* OHLCChartView.swift in Sources */,
				77A5C8322C43BE65008B3350 /* Token.swift in Sources */,
				777508192C6287A40008D12E /* CustomStyles.swift in Sources */,
				77161CB42C5BDD8A000FE121 /* Top100CryptocurrenciesView.swift in Sources */,
			);
			runOnlyForDeploymentPostprocessing = 0;
		};
/* End PBXSourcesBuildPhase section */

/* Begin XCBuildConfiguration section */
		77FBAB8C2C4392C100707C3D /* Debug */ = {
			isa = XCBuildConfiguration;
			buildSettings = {
				ALWAYS_SEARCH_USER_PATHS = NO;
				CLANG_ANALYZER_NONNULL = YES;
				CLANG_ANALYZER_NUMBER_OBJECT_CONVERSION = YES_AGGRESSIVE;
				CLANG_CXX_LANGUAGE_STANDARD = "gnu++20";
				CLANG_ENABLE_MODULES = YES;
				CLANG_ENABLE_OBJC_ARC = YES;
				CLANG_ENABLE_OBJC_WEAK = YES;
				CLANG_WARN_BLOCK_CAPTURE_AUTORELEASING = YES;
				CLANG_WARN_BOOL_CONVERSION = YES;
				CLANG_WARN_COMMA = YES;
				CLANG_WARN_CONSTANT_CONVERSION = YES;
				CLANG_WARN_DEPRECATED_OBJC_IMPLEMENTATIONS = YES;
				CLANG_WARN_DIRECT_OBJC_ISA_USAGE = YES_ERROR;
				CLANG_WARN_DOCUMENTATION_COMMENTS = YES;
				CLANG_WARN_EMPTY_BODY = YES;
				CLANG_WARN_ENUM_CONVERSION = YES;
				CLANG_WARN_INFINITE_RECURSION = YES;
				CLANG_WARN_INT_CONVERSION = YES;
				CLANG_WARN_NON_LITERAL_NULL_CONVERSION = YES;
				CLANG_WARN_OBJC_IMPLICIT_RETAIN_SELF = YES;
				CLANG_WARN_OBJC_LITERAL_CONVERSION = YES;
				CLANG_WARN_OBJC_ROOT_CLASS = YES_ERROR;
				CLANG_WARN_QUOTED_INCLUDE_IN_FRAMEWORK_HEADER = YES;
				CLANG_WARN_RANGE_LOOP_ANALYSIS = YES;
				CLANG_WARN_STRICT_PROTOTYPES = YES;
				CLANG_WARN_SUSPICIOUS_MOVE = YES;
				CLANG_WARN_UNGUARDED_AVAILABILITY = YES_AGGRESSIVE;
				CLANG_WARN_UNREACHABLE_CODE = YES;
				CLANG_WARN__DUPLICATE_METHOD_MATCH = YES;
				COPY_PHASE_STRIP = NO;
				DEBUG_INFORMATION_FORMAT = dwarf;
				ENABLE_STRICT_OBJC_MSGSEND = YES;
				ENABLE_TESTABILITY = YES;
				GCC_C_LANGUAGE_STANDARD = gnu11;
				GCC_DYNAMIC_NO_PIC = NO;
				GCC_NO_COMMON_BLOCKS = YES;
				GCC_OPTIMIZATION_LEVEL = 0;
				GCC_PREPROCESSOR_DEFINITIONS = (
					"DEBUG=1",
					"$(inherited)",
				);
				GCC_WARN_64_TO_32_BIT_CONVERSION = YES;
				GCC_WARN_ABOUT_RETURN_TYPE = YES_ERROR;
				GCC_WARN_UNDECLARED_SELECTOR = YES;
				GCC_WARN_UNINITIALIZED_AUTOS = YES_AGGRESSIVE;
				GCC_WARN_UNUSED_FUNCTION = YES;
				GCC_WARN_UNUSED_VARIABLE = YES;
				IPHONEOS_DEPLOYMENT_TARGET = 16.2;
				MTL_ENABLE_DEBUG_INFO = INCLUDE_SOURCE;
				MTL_FAST_MATH = YES;
				ONLY_ACTIVE_ARCH = YES;
				SDKROOT = iphoneos;
				SWIFT_ACTIVE_COMPILATION_CONDITIONS = DEBUG;
				SWIFT_OPTIMIZATION_LEVEL = "-Onone";
			};
			name = Debug;
		};
		77FBAB8D2C4392C100707C3D /* Release */ = {
			isa = XCBuildConfiguration;
			buildSettings = {
				ALWAYS_SEARCH_USER_PATHS = NO;
				CLANG_ANALYZER_NONNULL = YES;
				CLANG_ANALYZER_NUMBER_OBJECT_CONVERSION = YES_AGGRESSIVE;
				CLANG_CXX_LANGUAGE_STANDARD = "gnu++20";
				CLANG_ENABLE_MODULES = YES;
				CLANG_ENABLE_OBJC_ARC = YES;
				CLANG_ENABLE_OBJC_WEAK = YES;
				CLANG_WARN_BLOCK_CAPTURE_AUTORELEASING = YES;
				CLANG_WARN_BOOL_CONVERSION = YES;
				CLANG_WARN_COMMA = YES;
				CLANG_WARN_CONSTANT_CONVERSION = YES;
				CLANG_WARN_DEPRECATED_OBJC_IMPLEMENTATIONS = YES;
				CLANG_WARN_DIRECT_OBJC_ISA_USAGE = YES_ERROR;
				CLANG_WARN_DOCUMENTATION_COMMENTS = YES;
				CLANG_WARN_EMPTY_BODY = YES;
				CLANG_WARN_ENUM_CONVERSION = YES;
				CLANG_WARN_INFINITE_RECURSION = YES;
				CLANG_WARN_INT_CONVERSION = YES;
				CLANG_WARN_NON_LITERAL_NULL_CONVERSION = YES;
				CLANG_WARN_OBJC_IMPLICIT_RETAIN_SELF = YES;
				CLANG_WARN_OBJC_LITERAL_CONVERSION = YES;
				CLANG_WARN_OBJC_ROOT_CLASS = YES_ERROR;
				CLANG_WARN_QUOTED_INCLUDE_IN_FRAMEWORK_HEADER = YES;
				CLANG_WARN_RANGE_LOOP_ANALYSIS = YES;
				CLANG_WARN_STRICT_PROTOTYPES = YES;
				CLANG_WARN_SUSPICIOUS_MOVE = YES;
				CLANG_WARN_UNGUARDED_AVAILABILITY = YES_AGGRESSIVE;
				CLANG_WARN_UNREACHABLE_CODE = YES;
				CLANG_WARN__DUPLICATE_METHOD_MATCH = YES;
				COPY_PHASE_STRIP = NO;
				DEBUG_INFORMATION_FORMAT = "dwarf-with-dsym";
				ENABLE_NS_ASSERTIONS = NO;
				ENABLE_STRICT_OBJC_MSGSEND = YES;
				GCC_C_LANGUAGE_STANDARD = gnu11;
				GCC_NO_COMMON_BLOCKS = YES;
				GCC_WARN_64_TO_32_BIT_CONVERSION = YES;
				GCC_WARN_ABOUT_RETURN_TYPE = YES_ERROR;
				GCC_WARN_UNDECLARED_SELECTOR = YES;
				GCC_WARN_UNINITIALIZED_AUTOS = YES_AGGRESSIVE;
				GCC_WARN_UNUSED_FUNCTION = YES;
				GCC_WARN_UNUSED_VARIABLE = YES;
				IPHONEOS_DEPLOYMENT_TARGET = 16.2;
				MTL_ENABLE_DEBUG_INFO = NO;
				MTL_FAST_MATH = YES;
				SDKROOT = iphoneos;
				SWIFT_COMPILATION_MODE = wholemodule;
				SWIFT_OPTIMIZATION_LEVEL = "-O";
				VALIDATE_PRODUCT = YES;
			};
			name = Release;
		};
		77FBAB8F2C4392C100707C3D /* Debug */ = {
			isa = XCBuildConfiguration;
			buildSettings = {
				ASSETCATALOG_COMPILER_APPICON_NAME = AppIcon;
				ASSETCATALOG_COMPILER_GLOBAL_ACCENT_COLOR_NAME = AccentColor;
				CODE_SIGN_STYLE = Automatic;
				CURRENT_PROJECT_VERSION = 1;
				DEVELOPMENT_ASSET_PATHS = "\"DexScreener/Preview Content\"";
				DEVELOPMENT_TEAM = UB4K9AU26G;
				ENABLE_PREVIEWS = YES;
				GENERATE_INFOPLIST_FILE = YES;
				INFOPLIST_KEY_UIApplicationSceneManifest_Generation = YES;
				INFOPLIST_KEY_UIApplicationSupportsIndirectInputEvents = YES;
				INFOPLIST_KEY_UILaunchScreen_Generation = YES;
				INFOPLIST_KEY_UISupportedInterfaceOrientations_iPad = "UIInterfaceOrientationPortrait UIInterfaceOrientationPortraitUpsideDown UIInterfaceOrientationLandscapeLeft UIInterfaceOrientationLandscapeRight";
				INFOPLIST_KEY_UISupportedInterfaceOrientations_iPhone = "UIInterfaceOrientationPortrait UIInterfaceOrientationLandscapeLeft UIInterfaceOrientationLandscapeRight";
				LD_RUNPATH_SEARCH_PATHS = (
					"$(inherited)",
					"@executable_path/Frameworks",
				);
				MARKETING_VERSION = 1.0;
				PRODUCT_BUNDLE_IDENTIFIER = waqasraza.DexScreener;
				PRODUCT_NAME = "$(TARGET_NAME)";
				SWIFT_EMIT_LOC_STRINGS = YES;
				SWIFT_VERSION = 5.0;
				TARGETED_DEVICE_FAMILY = "1,2";
			};
			name = Debug;
		};
		77FBAB902C4392C100707C3D /* Release */ = {
			isa = XCBuildConfiguration;
			buildSettings = {
				ASSETCATALOG_COMPILER_APPICON_NAME = AppIcon;
				ASSETCATALOG_COMPILER_GLOBAL_ACCENT_COLOR_NAME = AccentColor;
				CODE_SIGN_STYLE = Automatic;
				CURRENT_PROJECT_VERSION = 1;
				DEVELOPMENT_ASSET_PATHS = "\"DexScreener/Preview Content\"";
				DEVELOPMENT_TEAM = UB4K9AU26G;
				ENABLE_PREVIEWS = YES;
				GENERATE_INFOPLIST_FILE = YES;
				INFOPLIST_KEY_UIApplicationSceneManifest_Generation = YES;
				INFOPLIST_KEY_UIApplicationSupportsIndirectInputEvents = YES;
				INFOPLIST_KEY_UILaunchScreen_Generation = YES;
				INFOPLIST_KEY_UISupportedInterfaceOrientations_iPad = "UIInterfaceOrientationPortrait UIInterfaceOrientationPortraitUpsideDown UIInterfaceOrientationLandscapeLeft UIInterfaceOrientationLandscapeRight";
				INFOPLIST_KEY_UISupportedInterfaceOrientations_iPhone = "UIInterfaceOrientationPortrait UIInterfaceOrientationLandscapeLeft UIInterfaceOrientationLandscapeRight";
				LD_RUNPATH_SEARCH_PATHS = (
					"$(inherited)",
					"@executable_path/Frameworks",
				);
				MARKETING_VERSION = 1.0;
				PRODUCT_BUNDLE_IDENTIFIER = waqasraza.DexScreener;
				PRODUCT_NAME = "$(TARGET_NAME)";
				SWIFT_EMIT_LOC_STRINGS = YES;
				SWIFT_VERSION = 5.0;
				TARGETED_DEVICE_FAMILY = "1,2";
			};
			name = Release;
		};
/* End XCBuildConfiguration section */

/* Begin XCConfigurationList section */
		77FBAB7B2C4392C000707C3D /* Build configuration list for PBXProject "DexScreener" */ = {
			isa = XCConfigurationList;
			buildConfigurations = (
				77FBAB8C2C4392C100707C3D /* Debug */,
				77FBAB8D2C4392C100707C3D /* Release */,
			);
			defaultConfigurationIsVisible = 0;
			defaultConfigurationName = Release;
		};
		77FBAB8E2C4392C100707C3D /* Build configuration list for PBXNativeTarget "DexScreener" */ = {
			isa = XCConfigurationList;
			buildConfigurations = (
				77FBAB8F2C4392C100707C3D /* Debug */,
				77FBAB902C4392C100707C3D /* Release */,
			);
			defaultConfigurationIsVisible = 0;
			defaultConfigurationName = Release;
		};
/* End XCConfigurationList section */

/* Begin XCRemoteSwiftPackageReference section */
		779B6A952C63780600399F0F /* XCRemoteSwiftPackageReference "Charts" */ = {
			isa = XCRemoteSwiftPackageReference;
			repositoryURL = "https://github.com/ChartsOrg/Charts";
			requirement = {
				kind = upToNextMajorVersion;
				minimumVersion = 5.0.0;
			};
		};
/* End XCRemoteSwiftPackageReference section */

/* Begin XCSwiftPackageProductDependency section */
		779B6A962C63780600399F0F /* DGCharts */ = {
			isa = XCSwiftPackageProductDependency;
			package = 779B6A952C63780600399F0F /* XCRemoteSwiftPackageReference "Charts" */;
			productName = DGCharts;
		};
		779B6A982C63780600399F0F /* DGChartsDynamic */ = {
			isa = XCSwiftPackageProductDependency;
			package = 779B6A952C63780600399F0F /* XCRemoteSwiftPackageReference "Charts" */;
			productName = DGChartsDynamic;
		};
/* End XCSwiftPackageProductDependency section */
	};
	rootObject = 77FBAB782C4392C000707C3D /* Project object */;
}
